
Microsoft Visual Studio Solution File, Format Version 12.00
# Visual Studio Version 17
VisualStudioVersion = 17.5.002.0
MinimumVisualStudioVersion = 10.0.40219.1
Project("{FAE04EC0-301F-11D3-BF4B-00C04F79EFBC}") = "CartonCaps.Api", "src\CartonCaps.Api\CartonCaps.Api.csproj", "{334274A0-D5D2-423F-8342-104E9F64B099}"
EndProject
Project("{FAE04EC0-301F-11D3-BF4B-00C04F79EFBC}") = "CartonCaps.Tests", "tests\CartonCaps.Tests\CartonCaps.Tests.csproj", "{C042CCA6-06FF-4604-B38F-BC08AA7C1947}"
EndProject

Global
	GlobalSection(SolutionConfigurationPlatforms) = preSolution
		Debug|Any CPU = Debug|Any CPU
		Release|Any CPU = Release|Any CPU
	EndGlobalSection
	GlobalSection(ProjectConfigurationPlatforms) = postSolution
		{334274A0-D5D2-423F-8342-104E9F64B099}.Debug|Any CPU.ActiveCfg = Debug|Any CPU
		{334274A0-D5D2-423F-8342-104E9F64B099}.Debug|Any CPU.Build.0 = Debug|Any CPU
		{334274A0-D5D2-423F-8342-104E9F64B099}.Release|Any CPU.ActiveCfg = Release|Any CPU
		{334274A0-D5D2-423F-8342-104E9F64B099}.Release|Any CPU.Build.0 = Release|Any CPU
		{C042CCA6-06FF-4604-B38F-BC08AA7C1947}.Debug|Any CPU.ActiveCfg = Debug|Any CPU
		{C042CCA6-06FF-4604-B38F-BC08AA7C1947}.Debug|Any CPU.Build.0 = Debug|Any CPU
		{C042CCA6-06FF-4604-B38F-BC08AA7C1947}.Release|Any CPU.ActiveCfg = Release|Any CPU
		{C042CCA6-06FF-4604-B38F-BC08AA7C1947}.Release|Any CPU.Build.0 = Release|Any CPU
		{34285A89-A14B-4BEA-AC35-A0255E0BE73F}.Debug|Any CPU.ActiveCfg = Debug|Any CPU
		{34285A89-A14B-4BEA-AC35-A0255E0BE73F}.Debug|Any CPU.Build.0 = Debug|Any CPU
		{34285A89-A14B-4BEA-AC35-A0255E0BE73F}.Release|Any CPU.ActiveCfg = Release|Any CPU
		{34285A89-A14B-4BEA-AC35-A0255E0BE73F}.Release|Any CPU.Build.0 = Release|Any CPU
	EndGlobalSection
	GlobalSection(SolutionProperties) = preSolution
		HideSolutionNode = FALSE
	EndGlobalSection
	GlobalSection(ExtensibilityGlobals) = postSolution
		SolutionGuid = {AB8BEFDA-3184-4CDF-A15F-AA0EC283B75C}
	EndGlobalSection
EndGlobal
