
Microsoft Visual Studio Solution File, Format Version 12.00
# Visual Studio Version 17
VisualStudioVersion = 17.5.002.0
MinimumVisualStudioVersion = 10.0.40219.1
Project("{2150E333-8FDC-42A3-9474-1A3956D46DE8}") = "src", "src", "{8D1F1A09-0EE9-4D7D-88CA-B9767ED01A3F}"
EndProject
Project("{9A19103F-16F7-4668-BE54-9A1E7A4F7556}") = "referral-api", "src\referral-api\referral-api.csproj", "{FEC0FB49-F05D-4B5D-BF09-ADF1084AD9EA}"
EndProject
Global
	GlobalSection(SolutionConfigurationPlatforms) = preSolution
		Debug|Any CPU = Debug|Any CPU
		Release|Any CPU = Release|Any CPU
	EndGlobalSection
	GlobalSection(ProjectConfigurationPlatforms) = postSolution
		{FEC0FB49-F05D-4B5D-BF09-ADF1084AD9EA}.Debug|Any CPU.ActiveCfg = Debug|Any CPU
		{FEC0FB49-F05D-4B5D-BF09-ADF1084AD9EA}.Debug|Any CPU.Build.0 = Debug|Any CPU
		{FEC0FB49-F05D-4B5D-BF09-ADF1084AD9EA}.Release|Any CPU.ActiveCfg = Release|Any CPU
		{FEC0FB49-F05D-4B5D-BF09-ADF1084AD9EA}.Release|Any CPU.Build.0 = Release|Any CPU
	EndGlobalSection
	GlobalSection(SolutionProperties) = preSolution
		HideSolutionNode = FALSE
	EndGlobalSection
	GlobalSection(NestedProjects) = preSolution
		{FEC0FB49-F05D-4B5D-BF09-ADF1084AD9EA} = {8D1F1A09-0EE9-4D7D-88CA-B9767ED01A3F}
	EndGlobalSection
	GlobalSection(ExtensibilityGlobals) = postSolution
		SolutionGuid = {AB8BEFDA-3184-4CDF-A15F-AA0EC283B75C}
	EndGlobalSection
EndGlobal
